
Microsoft Visual Studio Solution File, Format Version 12.00
# Visual Studio Version 17
VisualStudioVersion = 17.8.34330.188
MinimumVisualStudioVersion = 10.0.40219.1
Project("{FAE04EC0-301F-11D3-BF4B-00C04F79EFBC}") = "SuperHeroAPI", "SuperHeroAPI\SuperHeroAPI.csproj", "{A3CE3218-FE66-47DE-AF13-41B2F56EC3EE}"
EndProject
Global
	GlobalSection(SolutionConfigurationPlatforms) = preSolution
		Debug|Any CPU = Debug|Any CPU
		Release|Any CPU = Release|Any CPU
	EndGlobalSection
	GlobalSection(ProjectConfigurationPlatforms) = postSolution
		{A3CE3218-FE66-47DE-AF13-41B2F56EC3EE}.Debug|Any CPU.ActiveCfg = Debug|Any CPU
		{A3CE3218-FE66-47DE-AF13-41B2F56EC3EE}.Debug|Any CPU.Build.0 = Debug|Any CPU
		{A3CE3218-FE66-47DE-AF13-41B2F56EC3EE}.Release|Any CPU.ActiveCfg = Release|Any CPU
		{A3CE3218-FE66-47DE-AF13-41B2F56EC3EE}.Release|Any CPU.Build.0 = Release|Any CPU
	EndGlobalSection
	GlobalSection(SolutionProperties) = preSolution
		HideSolutionNode = FALSE
	EndGlobalSection
	GlobalSection(ExtensibilityGlobals) = postSolution
		SolutionGuid = {B8A82236-89E4-49E7-B934-3A1EE27DF4B9}
	EndGlobalSection
EndGlobal
